
Microsoft Visual Studio Solution File, Format Version 12.00
# Visual Studio Version 17
VisualStudioVersion = 17.9.34714.143
MinimumVisualStudioVersion = 10.0.40219.1
Project("{FAE04EC0-301F-11D3-BF4B-00C04F79EFBC}") = "Kaarten", "Kaarten\Kaarten.csproj", "{5DDBED4F-FE97-4DC9-9AA4-93E40F530E9B}"
EndProject
Global
	GlobalSection(SolutionConfigurationPlatforms) = preSolution
		Debug|Any CPU = Debug|Any CPU
		Release|Any CPU = Release|Any CPU
	EndGlobalSection
	GlobalSection(ProjectConfigurationPlatforms) = postSolution
		{5DDBED4F-FE97-4DC9-9AA4-93E40F530E9B}.Debug|Any CPU.ActiveCfg = Debug|Any CPU
		{5DDBED4F-FE97-4DC9-9AA4-93E40F530E9B}.Debug|Any CPU.Build.0 = Debug|Any CPU
		{5DDBED4F-FE97-4DC9-9AA4-93E40F530E9B}.Release|Any CPU.ActiveCfg = Release|Any CPU
		{5DDBED4F-FE97-4DC9-9AA4-93E40F530E9B}.Release|Any CPU.Build.0 = Release|Any CPU
	EndGlobalSection
	GlobalSection(SolutionProperties) = preSolution
		HideSolutionNode = FALSE
	EndGlobalSection
	GlobalSection(ExtensibilityGlobals) = postSolution
		SolutionGuid = {2DAF41C8-6704-459F-A19A-13290C13378C}
	EndGlobalSection
EndGlobal
